
Microsoft Visual Studio Solution File, Format Version 12.00
# Visual Studio Version 16
VisualStudioVersion = 16.0.29102.190
MinimumVisualStudioVersion = 10.0.40219.1
Project("{9A19103F-16F7-4668-BE54-9A1E7A4F7556}") = "LibraryCalc01", "LibraryCalc01\LibraryCalc01.csproj", "{84ACA5A5-A767-4C57-B311-9F7056D5A184}"
EndProject
Project("{9A19103F-16F7-4668-BE54-9A1E7A4F7556}") = "LibraryCalc01Tests", "LibraryCalc02Tests\LibraryCalc01Tests.csproj", "{3F5B9A64-8796-49A4-8C24-1EDAF7EFA91F}"
EndProject
Global
	GlobalSection(SolutionConfigurationPlatforms) = preSolution
		Debug|Any CPU = Debug|Any CPU
		Release|Any CPU = Release|Any CPU
	EndGlobalSection
	GlobalSection(ProjectConfigurationPlatforms) = postSolution
		{84ACA5A5-A767-4C57-B311-9F7056D5A184}.Debug|Any CPU.ActiveCfg = Debug|Any CPU
		{84ACA5A5-A767-4C57-B311-9F7056D5A184}.Debug|Any CPU.Build.0 = Debug|Any CPU
		{84ACA5A5-A767-4C57-B311-9F7056D5A184}.Release|Any CPU.ActiveCfg = Release|Any CPU
		{84ACA5A5-A767-4C57-B311-9F7056D5A184}.Release|Any CPU.Build.0 = Release|Any CPU
		{3F5B9A64-8796-49A4-8C24-1EDAF7EFA91F}.Debug|Any CPU.ActiveCfg = Debug|Any CPU
		{3F5B9A64-8796-49A4-8C24-1EDAF7EFA91F}.Debug|Any CPU.Build.0 = Debug|Any CPU
		{3F5B9A64-8796-49A4-8C24-1EDAF7EFA91F}.Release|Any CPU.ActiveCfg = Release|Any CPU
		{3F5B9A64-8796-49A4-8C24-1EDAF7EFA91F}.Release|Any CPU.Build.0 = Release|Any CPU
	EndGlobalSection
	GlobalSection(SolutionProperties) = preSolution
		HideSolutionNode = FALSE
	EndGlobalSection
	GlobalSection(ExtensibilityGlobals) = postSolution
		SolutionGuid = {56FED24A-EF57-420E-ADC4-933D24AD9016}
	EndGlobalSection
EndGlobal
